
Microsoft Visual Studio Solution File, Format Version 12.00
# Visual Studio Version 17
VisualStudioVersion = 17.4.33213.308
MinimumVisualStudioVersion = 10.0.40219.1
Project("{9A19103F-16F7-4668-BE54-9A1E7A4F7556}") = "API_Projeto1", "API_Projeto1\API_Projeto1.csproj", "{4F4D4126-5B33-4EB8-A19B-A53EAC7E3791}"
EndProject
Project("{9A19103F-16F7-4668-BE54-9A1E7A4F7556}") = "Client_Projeto1", "Client\Client_Projeto1.csproj", "{2B7776C6-C224-4AAB-9D8A-3596A097C3F9}"
EndProject
Project("{2150E333-8FDC-42A3-9474-1A3956D46DE8}") = "API", "API", "{ECB24381-BB4D-41FE-B139-EDFA01D308EA}"
EndProject
Project("{2150E333-8FDC-42A3-9474-1A3956D46DE8}") = "Client", "Client", "{D34DD2BD-4966-4939-8D5E-E02702FAAE07}"
EndProject
Global
	GlobalSection(SolutionConfigurationPlatforms) = preSolution
		Debug|Any CPU = Debug|Any CPU
		Release|Any CPU = Release|Any CPU
	EndGlobalSection
	GlobalSection(ProjectConfigurationPlatforms) = postSolution
		{4F4D4126-5B33-4EB8-A19B-A53EAC7E3791}.Debug|Any CPU.ActiveCfg = Debug|Any CPU
		{4F4D4126-5B33-4EB8-A19B-A53EAC7E3791}.Debug|Any CPU.Build.0 = Debug|Any CPU
		{4F4D4126-5B33-4EB8-A19B-A53EAC7E3791}.Release|Any CPU.ActiveCfg = Release|Any CPU
		{4F4D4126-5B33-4EB8-A19B-A53EAC7E3791}.Release|Any CPU.Build.0 = Release|Any CPU
		{2B7776C6-C224-4AAB-9D8A-3596A097C3F9}.Debug|Any CPU.ActiveCfg = Debug|Any CPU
		{2B7776C6-C224-4AAB-9D8A-3596A097C3F9}.Debug|Any CPU.Build.0 = Debug|Any CPU
		{2B7776C6-C224-4AAB-9D8A-3596A097C3F9}.Release|Any CPU.ActiveCfg = Release|Any CPU
		{2B7776C6-C224-4AAB-9D8A-3596A097C3F9}.Release|Any CPU.Build.0 = Release|Any CPU
	EndGlobalSection
	GlobalSection(SolutionProperties) = preSolution
		HideSolutionNode = FALSE
	EndGlobalSection
	GlobalSection(NestedProjects) = preSolution
		{4F4D4126-5B33-4EB8-A19B-A53EAC7E3791} = {ECB24381-BB4D-41FE-B139-EDFA01D308EA}
		{2B7776C6-C224-4AAB-9D8A-3596A097C3F9} = {D34DD2BD-4966-4939-8D5E-E02702FAAE07}
	EndGlobalSection
	GlobalSection(ExtensibilityGlobals) = postSolution
		SolutionGuid = {E2D1140C-0826-4AF5-B2DF-EA41438B4736}
	EndGlobalSection
EndGlobal
